{
  "nodes": {
    "deno2nix": {
      "inputs": {
        "nixpkgs": [
          "nixpkgs"
        ]
      },
      "locked": {
        "lastModified": 1785925743,
        "narHash": "sha256-1wa+KLYpiXYV93fgzdVBu8OFS6huXfp4s4xx1Bh510Q=",
        "owner": "hzrd149",
        "repo": "deno2nix",
        "rev": "31c88189e10c7e77f08237ec5d852db3ebba169e",
        "type": "github"
      },
      "original": {
        "owner": "hzrd149",
        "repo": "deno2nix",
        "type": "github"
      }
    },
    "nixpkgs": {
      "locked": {
        "lastModified": 1785828668,
        "narHash": "sha256-8fsyqeO+mJqvIzeO4xIpgJe/f7MTbbVTEC6RT6WSXNs=",
        "owner": "NixOS",
        "repo": "nixpkgs",
        "rev": "e72e4f299401a3689d4b3d5fc6496b11db7064eb",
        "type": "github"
      },
      "original": {
        "owner": "NixOS",
        "ref": "nixos-unstable",
        "repo": "nixpkgs",
        "type": "github"
      }
    },
    "root": {
      "inputs": {
        "deno2nix": "deno2nix",
        "nixpkgs": "nixpkgs"
      }
    }
  },
  "root": "root",
  "version": 7
}
